PODS:
  - Flutter (1.0.0)
  - shared_preference_app_group (1.0.0):
    - Flutter

DEPENDENCIES:
  - Flutter (from `Flutter`)
  - shared_preference_app_group (from `.symlinks/plugins/shared_preference_app_group/ios`)

EXTERNAL SOURCES:
  Flutter:
    :path: Flutter
  shared_preference_app_group:
    :path: ".symlinks/plugins/shared_preference_app_group/ios"

SPEC CHECKSUMS:
  Flutter: e0871f40cf51350855a761d2e70bf5af5b9b5de7
  shared_preference_app_group: 46aee3873e1da581d4904bece9876596d7f66725

PODFILE CHECKSUM: 1a782344d33c12ced0182eeab11e8668d253eb48

COCOAPODS: 1.15.2
