PODS:
  - Flutter (1.0.0)
  - shared_preference_app_group (0.1.1):
    - Flutter

DEPENDENCIES:
  - Flutter (from `Flutter`)
  - shared_preference_app_group (from `.symlinks/plugins/shared_preference_app_group/ios`)

EXTERNAL SOURCES:
  Flutter:
    :path: Flutter
  shared_preference_app_group:
    :path: ".symlinks/plugins/shared_preference_app_group/ios"

SPEC CHECKSUMS:
  Flutter: 0e3d915762c693b495b44d77113d4970485de6ec
  shared_preference_app_group: 8f2559e5167cce5b091a9b5dc79be60fbc471f5e

PODFILE CHECKSUM: 8e679eca47255a8ca8067c4c67aab20e64cb974d

COCOAPODS: 1.10.0.rc.1
