PODS:
  - Flutter (1.0.0)
  - shared_preference_app_group (0.3.0):
    - Flutter

DEPENDENCIES:
  - Flutter (from `Flutter`)
  - shared_preference_app_group (from `.symlinks/plugins/shared_preference_app_group/ios`)

EXTERNAL SOURCES:
  Flutter:
    :path: Flutter
  shared_preference_app_group:
    :path: ".symlinks/plugins/shared_preference_app_group/ios"

SPEC CHECKSUMS:
  Flutter: 434fef37c0980e73bb6479ef766c45957d4b510c
  shared_preference_app_group: 4b43f9c787e876bfabf6805735677e3dec276bec

PODFILE CHECKSUM: 8e679eca47255a8ca8067c4c67aab20e64cb974d

COCOAPODS: 1.10.1
